
Microsoft Visual Studio Solution File, Format Version 12.00
# Visual Studio Version 16
VisualStudioVersion = 16.0.30114.105
MinimumVisualStudioVersion = 10.0.40219.1
Project("{FAE04EC0-301F-11D3-BF4B-00C04F79EFBC}") = "cuzzle-api", "cuzzle-api.csproj", "{218486FE-31A5-45A1-A6EC-3AD4D3ED9E6D}"
EndProject
Project("{FAE04EC0-301F-11D3-BF4B-00C04F79EFBC}") = "Tests", "Tests\Tests.csproj", "{08294007-70CB-4095-847B-1219FA1E7DBA}"
EndProject
Global
	GlobalSection(SolutionConfigurationPlatforms) = preSolution
		Debug|Any CPU = Debug|Any CPU
		Release|Any CPU = Release|Any CPU
	EndGlobalSection
	GlobalSection(SolutionProperties) = preSolution
		HideSolutionNode = FALSE
	EndGlobalSection
	GlobalSection(ProjectConfigurationPlatforms) = postSolution
		{218486FE-31A5-45A1-A6EC-3AD4D3ED9E6D}.Debug|Any CPU.ActiveCfg = Debug|Any CPU
		{218486FE-31A5-45A1-A6EC-3AD4D3ED9E6D}.Debug|Any CPU.Build.0 = Debug|Any CPU
		{218486FE-31A5-45A1-A6EC-3AD4D3ED9E6D}.Release|Any CPU.ActiveCfg = Release|Any CPU
		{218486FE-31A5-45A1-A6EC-3AD4D3ED9E6D}.Release|Any CPU.Build.0 = Release|Any CPU
		{08294007-70CB-4095-847B-1219FA1E7DBA}.Debug|Any CPU.ActiveCfg = Debug|Any CPU
		{08294007-70CB-4095-847B-1219FA1E7DBA}.Debug|Any CPU.Build.0 = Debug|Any CPU
		{08294007-70CB-4095-847B-1219FA1E7DBA}.Release|Any CPU.ActiveCfg = Release|Any CPU
		{08294007-70CB-4095-847B-1219FA1E7DBA}.Release|Any CPU.Build.0 = Release|Any CPU
	EndGlobalSection
EndGlobal
